// !$*UTF8*$!
{
	archiveVersion = 1;
	classes = {
	};
	objectVersion = 77;
	objects = {

/* Begin PBXContainerItemProxy section */
		FB516C072CE4ED6E00F90B35 /* PBXContainerItemProxy */ = {
			isa = PBXContainerItemProxy;
			containerPortal = FB516BE82CE4ED6D00F90B35 /* Project object */;
			proxyType = 1;
			remoteGlobalIDString = FB516BEF2CE4ED6D00F90B35;
			remoteInfo = pet;
		};
		FB516C112CE4ED6E00F90B35 /* PBXContainerItemProxy */ = {
			isa = PBXContainerItemProxy;
			containerPortal = FB516BE82CE4ED6D00F90B35 /* Project object */;
			proxyType = 1;
			remoteGlobalIDString = FB516BEF2CE4ED6D00F90B35;
			remoteInfo = pet;
		};
/* End PBXContainerItemProxy section */

/* Begin PBXFileReference section */
		FB516BF02CE4ED6D00F90B35 /* pet.app */ = {isa = PBXFileReference; explicitFileType = wrapper.application; includeInIndex = 0; path = pet.app; sourceTree = BUILT_PRODUCTS_DIR; };
		FB516C062CE4ED6E00F90B35 /* petTests.xctest */ = {isa = PBXFileReference; explicitFileType = wrapper.cfbundle; includeInIndex = 0; path = petTests.xctest; sourceTree = BUILT_PRODUCTS_DIR; };
		FB516C102CE4ED6E00F90B35 /* petUITests.xctest */ = {isa = PBXFileReference; explicitFileType = wrapper.cfbundle; includeInIndex = 0; path = petUITests.xctest; sourceTree = BUILT_PRODUCTS_DIR; };
/* End PBXFileReference section */

/* Begin PBXFileSystemSynchronizedBuildFileExceptionSet section */
		FB516C182CE4ED6E00F90B35 /* Exceptions for "pet" folder in "pet" target */ = {
			isa = PBXFileSystemSynchronizedBuildFileExceptionSet;
			membershipExceptions = (
				Info.plist,
			);
			target = FB516BEF2CE4ED6D00F90B35 /* pet */;
		};
/* End PBXFileSystemSynchronizedBuildFileExceptionSet section */

/* Begin PBXFileSystemSynchronizedRootGroup section */
		FB516BF22CE4ED6D00F90B35 /* pet */ = {
			isa = PBXFileSystemSynchronizedRootGroup;
			exceptions = (
				FB516C182CE4ED6E00F90B35 /* Exceptions for "pet" folder in "pet" target */,
			);
			path = pet;
			sourceTree = "<group>";
		};
		FB516C092CE4ED6E00F90B35 /* petTests */ = {
			isa = PBXFileSystemSynchronizedRootGroup;
			path = petTests;
			sourceTree = "<group>";
		};
		FB516C132CE4ED6E00F90B35 /* petUITests */ = {
			isa = PBXFileSystemSynchronizedRootGroup;
			path = petUITests;
			sourceTree = "<group>";
		};
/* End PBXFileSystemSynchronizedRootGroup section */

/* Begin PBXFrameworksBuildPhase section */
		FB516BED2CE4ED6D00F90B35 /* Frameworks */ = {
			isa = PBXFrameworksBuildPhase;
			buildActionMask = 2147483647;
			files = (
			);
			runOnlyForDeploymentPostprocessing = 0;
		};
		FB516C032CE4ED6E00F90B35 /* Frameworks */ = {
			isa = PBXFrameworksBuildPhase;
			buildActionMask = 2147483647;
			files = (
			);
			runOnlyForDeploymentPostprocessing = 0;
		};
		FB516C0D2CE4ED6E00F90B35 /* Frameworks */ = {
			isa = PBXFrameworksBuildPhase;
			buildActionMask = 2147483647;
			files = (
			);
			runOnlyForDeploymentPostprocessing = 0;
		};
/* End PBXFrameworksBuildPhase section */

/* Begin PBXGroup section */
		FB516BE72CE4ED6D00F90B35 = {
			isa = PBXGroup;
			children = (
				FB516BF22CE4ED6D00F90B35 /* pet */,
				FB516C092CE4ED6E00F90B35 /* petTests */,
				FB516C132CE4ED6E00F90B35 /* petUITests */,
				FB516BF12CE4ED6D00F90B35 /* Products */,
			);
			sourceTree = "<group>";
		};
		FB516BF12CE4ED6D00F90B35 /* Products */ = {
			isa = PBXGroup;
			children = (
				FB516BF02CE4ED6D00F90B35 /* pet.app */,
				FB516C062CE4ED6E00F90B35 /* petTests.xctest */,
				FB516C102CE4ED6E00F90B35 /* petUITests.xctest */,
			);
			name = Products;
			sourceTree = "<group>";
		};
/* End PBXGroup section */

/* Begin PBXNativeTarget section */
		FB516BEF2CE4ED6D00F90B35 /* pet */ = {
			isa = PBXNativeTarget;
			buildConfigurationList = FB516C192CE4ED6E00F90B35 /* Build configuration list for PBXNativeTarget "pet" */;
			buildPhases = (
				FB516BEC2CE4ED6D00F90B35 /* Sources */,
				FB516BED2CE4ED6D00F90B35 /* Frameworks */,
				FB516BEE2CE4ED6D00F90B35 /* Resources */,
			);
			buildRules = (
			);
			dependencies = (
			);
			fileSystemSynchronizedGroups = (
				FB516BF22CE4ED6D00F90B35 /* pet */,
			);
			name = pet;
			packageProductDependencies = (
			);
			productName = pet;
			productReference = FB516BF02CE4ED6D00F90B35 /* pet.app */;
			productType = "com.apple.product-type.application";
		};
		FB516C052CE4ED6E00F90B35 /* petTests */ = {
			isa = PBXNativeTarget;
			buildConfigurationList = FB516C1E2CE4ED6E00F90B35 /* Build configuration list for PBXNativeTarget "petTests" */;
			buildPhases = (
				FB516C022CE4ED6E00F90B35 /* Sources */,
				FB516C032CE4ED6E00F90B35 /* Frameworks */,
				FB516C042CE4ED6E00F90B35 /* Resources */,
			);
			buildRules = (
			);
			dependencies = (
				FB516C082CE4ED6E00F90B35 /* PBXTargetDependency */,
			);
			fileSystemSynchronizedGroups = (
				FB516C092CE4ED6E00F90B35 /* petTests */,
			);
			name = petTests;
			packageProductDependencies = (
			);
			productName = petTests;
			productReference = FB516C062CE4ED6E00F90B35 /* petTests.xctest */;
			productType = "com.apple.product-type.bundle.unit-test";
		};
		FB516C0F2CE4ED6E00F90B35 /* petUITests */ = {
			isa = PBXNativeTarget;
			buildConfigurationList = FB516C212CE4ED6E00F90B35 /* Build configuration list for PBXNativeTarget "petUITests" */;
			buildPhases = (
				FB516C0C2CE4ED6E00F90B35 /* Sources */,
				FB516C0D2CE4ED6E00F90B35 /* Frameworks */,
				FB516C0E2CE4ED6E00F90B35 /* Resources */,
			);
			buildRules = (
			);
			dependencies = (
				FB516C122CE4ED6E00F90B35 /* PBXTargetDependency */,
			);
			fileSystemSynchronizedGroups = (
				FB516C132CE4ED6E00F90B35 /* petUITests */,
			);
			name = petUITests;
			packageProductDependencies = (
			);
			productName = petUITests;
			productReference = FB516C102CE4ED6E00F90B35 /* petUITests.xctest */;
			productType = "com.apple.product-type.bundle.ui-testing";
		};
/* End PBXNativeTarget section */

/* Begin PBXProject section */
		FB516BE82CE4ED6D00F90B35 /* Project object */ = {
			isa = PBXProject;
			attributes = {
				BuildIndependentTargetsInParallel = 1;
				LastSwiftUpdateCheck = 1610;
				LastUpgradeCheck = 1610;
				TargetAttributes = {
					FB516BEF2CE4ED6D00F90B35 = {
						CreatedOnToolsVersion = 16.1;
					};
					FB516C052CE4ED6E00F90B35 = {
						CreatedOnToolsVersion = 16.1;
						TestTargetID = FB516BEF2CE4ED6D00F90B35;
					};
					FB516C0F2CE4ED6E00F90B35 = {
						CreatedOnToolsVersion = 16.1;
						TestTargetID = FB516BEF2CE4ED6D00F90B35;
					};
				};
			};
			buildConfigurationList = FB516BEB2CE4ED6D00F90B35 /* Build configuration list for PBXProject "pet" */;
			developmentRegion = en;
			hasScannedForEncodings = 0;
			knownRegions = (
				en,
				Base,
			);
			mainGroup = FB516BE72CE4ED6D00F90B35;
			minimizedProjectReferenceProxies = 1;
			preferredProjectObjectVersion = 77;
			productRefGroup = FB516BF12CE4ED6D00F90B35 /* Products */;
			projectDirPath = "";
			projectRoot = "";
			targets = (
				FB516BEF2CE4ED6D00F90B35 /* pet */,
				FB516C052CE4ED6E00F90B35 /* petTests */,
				FB516C0F2CE4ED6E00F90B35 /* petUITests */,
			);
		};
/* End PBXProject section */

/* Begin PBXResourcesBuildPhase section */
		FB516BEE2CE4ED6D00F90B35 /* Resources */ = {
			isa = PBXResourcesBuildPhase;
			buildActionMask = 2147483647;
			files = (
			);
			runOnlyForDeploymentPostprocessing = 0;
		};
		FB516C042CE4ED6E00F90B35 /* Resources */ = {
			isa = PBXResourcesBuildPhase;
			buildActionMask = 2147483647;
			files = (
			);
			runOnlyForDeploymentPostprocessing = 0;
		};
		FB516C0E2CE4ED6E00F90B35 /* Resources */ = {
			isa = PBXResourcesBuildPhase;
			buildActionMask = 2147483647;
			files = (
			);
			runOnlyForDeploymentPostprocessing = 0;
		};
/* End PBXResourcesBuildPhase section */

/* Begin PBXSourcesBuildPhase section */
		FB516BEC2CE4ED6D00F90B35 /* Sources */ = {
			isa = PBXSourcesBuildPhase;
			buildActionMask = 2147483647;
			files = (
			);
			runOnlyForDeploymentPostprocessing = 0;
		};
		FB516C022CE4ED6E00F90B35 /* Sources */ = {
			isa = PBXSourcesBuildPhase;
			buildActionMask = 2147483647;
			files = (
			);
			runOnlyForDeploymentPostprocessing = 0;
		};
		FB516C0C2CE4ED6E00F90B35 /* Sources */ = {
			isa = PBXSourcesBuildPhase;
			buildActionMask = 2147483647;
			files = (
			);
			runOnlyForDeploymentPostprocessing = 0;
		};
/* End PBXSourcesBuildPhase section */

/* Begin PBXTargetDependency section */
		FB516C082CE4ED6E00F90B35 /* PBXTargetDependency */ = {
			isa = PBXTargetDependency;
			target = FB516BEF2CE4ED6D00F90B35 /* pet */;
			targetProxy = FB516C072CE4ED6E00F90B35 /* PBXContainerItemProxy */;
		};
		FB516C122CE4ED6E00F90B35 /* PBXTargetDependency */ = {
			isa = PBXTargetDependency;
			target = FB516BEF2CE4ED6D00F90B35 /* pet */;
			targetProxy = FB516C112CE4ED6E00F90B35 /* PBXContainerItemProxy */;
		};
/* End PBXTargetDependency section */

/* Begin XCBuildConfiguration section */
		FB516C1A2CE4ED6E00F90B35 /* Debug */ = {
			isa = XCBuildConfiguration;
			buildSettings = {
				ASSETCATALOG_COMPILER_APPICON_NAME = AppIcon;
				ASSETCATALOG_COMPILER_GLOBAL_ACCENT_COLOR_NAME = AccentColor;
				CODE_SIGN_STYLE = Automatic;
				CURRENT_PROJECT_VERSION = 1;
				GENERATE_INFOPLIST_FILE = YES;
				INFOPLIST_FILE = pet/Info.plist;
				INFOPLIST_KEY_UIApplicationSupportsIndirectInputEvents = YES;
				INFOPLIST_KEY_UILaunchStoryboardName = LaunchScreen;
				INFOPLIST_KEY_UIMainStoryboardFile = Main;
				INFOPLIST_KEY_UISupportedInterfaceOrientations_iPad = "UIInterfaceOrientationPortrait UIInterfaceOrientationPortraitUpsideDown UIInterfaceOrientationLandscapeLeft UIInterfaceOrientationLandscapeRight";
				INFOPLIST_KEY_UISupportedInterfaceOrientations_iPhone = "UIInterfaceOrientationPortrait UIInterfaceOrientationLandscapeLeft UIInterfaceOrientationLandscapeRight";
				LD_RUNPATH_SEARCH_PATHS = (
					"$(inherited)",
					"@executable_path/Frameworks",
				);
				MARKETING_VERSION = 1.0;
				PRODUCT_BUNDLE_IDENTIFIER = com.melsov.pet;
				PRODUCT_NAME = "$(TARGET_NAME)";
				SWIFT_EMIT_LOC_STRINGS = YES;
				SWIFT_VERSION = 5.0;
				TARGETED_DEVICE_FAMILY = "1,2";
			};
			name = Debug;
		};
		FB516C1B2CE4ED6E00F90B35 /* Release */ = {
			isa = XCBuildConfiguration;
			buildSettings = {
				ASSETCATALOG_COMPILER_APPICON_NAME = AppIcon;
				ASSETCATALOG_COMPILER_GLOBAL_ACCENT_COLOR_NAME = AccentColor;
				CODE_SIGN_STYLE = Automatic;
				CURRENT_PROJECT_VERSION = 1;
				GENERATE_INFOPLIST_FILE = YES;
				INFOPLIST_FILE = pet/Info.plist;
				INFOPLIST_KEY_UIApplicationSupportsIndirectInputEvents = YES;
				INFOPLIST_KEY_UILaunchStoryboardName = LaunchScreen;
				INFOPLIST_KEY_UIMainStoryboardFile = Main;
				INFOPLIST_KEY_UISupportedInterfaceOrientations_iPad = "UIInterfaceOrientationPortrait UIInterfaceOrientationPortraitUpsideDown UIInterfaceOrientationLandscapeLeft UIInterfaceOrientationLandscapeRight";
				INFOPLIST_KEY_UISupportedInterfaceOrientations_iPhone = "UIInterfaceOrientationPortrait UIInterfaceOrientationLandscapeLeft UIInterfaceOrientationLandscapeRight";
				LD_RUNPATH_SEARCH_PATHS = (
					"$(inherited)",
					"@executable_path/Frameworks",
				);
				MARKETING_VERSION = 1.0;
				PRODUCT_BUNDLE_IDENTIFIER = com.melsov.pet;
				PRODUCT_NAME = "$(TARGET_NAME)";
				SWIFT_EMIT_LOC_STRINGS = YES;
				SWIFT_VERSION = 5.0;
				TARGETED_DEVICE_FAMILY = "1,2";
			};
			name = Release;
		};
		FB516C1C2CE4ED6E00F90B35 /* Debug */ = {
			isa = XCBuildConfiguration;
			buildSettings = {
				ALWAYS_SEARCH_USER_PATHS = NO;
				ASSETCATALOG_COMPILER_GENERATE_SWIFT_ASSET_SYMBOL_EXTENSIONS = YES;
				CLANG_ANALYZER_NONNULL = YES;
				CLANG_ANALYZER_NUMBER_OBJECT_CONVERSION = YES_AGGRESSIVE;
				CLANG_CXX_LANGUAGE_STANDARD = "gnu++20";
				CLANG_ENABLE_MODULES = YES;
				CLANG_ENABLE_OBJC_ARC = YES;
				CLANG_ENABLE_OBJC_WEAK = YES;
				CLANG_WARN_BLOCK_CAPTURE_AUTORELEASING = YES;
				CLANG_WARN_BOOL_CONVERSION = YES;
				CLANG_WARN_COMMA = YES;
				CLANG_WARN_CONSTANT_CONVERSION = YES;
				CLANG_WARN_DEPRECATED_OBJC_IMPLEMENTATIONS = YES;
				CLANG_WARN_DIRECT_OBJC_ISA_USAGE = YES_ERROR;
				CLANG_WARN_DOCUMENTATION_COMMENTS = YES;
				CLANG_WARN_EMPTY_BODY = YES;
				CLANG_WARN_ENUM_CONVERSION = YES;
				CLANG_WARN_INFINITE_RECURSION = YES;
				CLANG_WARN_INT_CONVERSION = YES;
				CLANG_WARN_NON_LITERAL_NULL_CONVERSION = YES;
				CLANG_WARN_OBJC_IMPLICIT_RETAIN_SELF = YES;
				CLANG_WARN_OBJC_LITERAL_CONVERSION = YES;
				CLANG_WARN_OBJC_ROOT_CLASS = YES_ERROR;
				CLANG_WARN_QUOTED_INCLUDE_IN_FRAMEWORK_HEADER = YES;
				CLANG_WARN_RANGE_LOOP_ANALYSIS = YES;
				CLANG_WARN_STRICT_PROTOTYPES = YES;
				CLANG_WARN_SUSPICIOUS_MOVE = YES;
				CLANG_WARN_UNGUARDED_AVAILABILITY = YES_AGGRESSIVE;
				CLANG_WARN_UNREACHABLE_CODE = YES;
				CLANG_WARN__DUPLICATE_METHOD_MATCH = YES;
				COPY_PHASE_STRIP = NO;
				DEBUG_INFORMATION_FORMAT = dwarf;
				ENABLE_STRICT_OBJC_MSGSEND = YES;
				ENABLE_TESTABILITY = YES;
				ENABLE_USER_SCRIPT_SANDBOXING = YES;
				GCC_C_LANGUAGE_STANDARD = gnu17;
				GCC_DYNAMIC_NO_PIC = NO;
				GCC_NO_COMMON_BLOCKS = YES;
				GCC_OPTIMIZATION_LEVEL = 0;
				GCC_PREPROCESSOR_DEFINITIONS = (
					"DEBUG=1",
					"$(inherited)",
				);
				GCC_WARN_64_TO_32_BIT_CONVERSION = YES;
				GCC_WARN_ABOUT_RETURN_TYPE = YES_ERROR;
				GCC_WARN_UNDECLARED_SELECTOR = YES;
				GCC_WARN_UNINITIALIZED_AUTOS = YES_AGGRESSIVE;
				GCC_WARN_UNUSED_FUNCTION = YES;
				GCC_WARN_UNUSED_VARIABLE = YES;
				IPHONEOS_DEPLOYMENT_TARGET = 18.1;
				LOCALIZATION_PREFERS_STRING_CATALOGS = YES;
				MTL_ENABLE_DEBUG_INFO = INCLUDE_SOURCE;
				MTL_FAST_MATH = YES;
				ONLY_ACTIVE_ARCH = YES;
				SDKROOT = iphoneos;
				SWIFT_ACTIVE_COMPILATION_CONDITIONS = "DEBUG $(inherited)";
				SWIFT_OPTIMIZATION_LEVEL = "-Onone";
			};
			name = Debug;
		};
		FB516C1D2CE4ED6E00F90B35 /* Release */ = {
			isa = XCBuildConfiguration;
			buildSettings = {
				ALWAYS_SEARCH_USER_PATHS = NO;
				ASSETCATALOG_COMPILER_GENERATE_SWIFT_ASSET_SYMBOL_EXTENSIONS = YES;
				CLANG_ANALYZER_NONNULL = YES;
				CLANG_ANALYZER_NUMBER_OBJECT_CONVERSION = YES_AGGRESSIVE;
				CLANG_CXX_LANGUAGE_STANDARD = "gnu++20";
				CLANG_ENABLE_MODULES = YES;
				CLANG_ENABLE_OBJC_ARC = YES;
				CLANG_ENABLE_OBJC_WEAK = YES;
				CLANG_WARN_BLOCK_CAPTURE_AUTORELEASING = YES;
				CLANG_WARN_BOOL_CONVERSION = YES;
				CLANG_WARN_COMMA = YES;
				CLANG_WARN_CONSTANT_CONVERSION = YES;
				CLANG_WARN_DEPRECATED_OBJC_IMPLEMENTATIONS = YES;
				CLANG_WARN_DIRECT_OBJC_ISA_USAGE = YES_ERROR;
				CLANG_WARN_DOCUMENTATION_COMMENTS = YES;
				CLANG_WARN_EMPTY_BODY = YES;
				CLANG_WARN_ENUM_CONVERSION = YES;
				CLANG_WARN_INFINITE_RECURSION = YES;
				CLANG_WARN_INT_CONVERSION = YES;
				CLANG_WARN_NON_LITERAL_NULL_CONVERSION = YES;
				CLANG_WARN_OBJC_IMPLICIT_RETAIN_SELF = YES;
				CLANG_WARN_OBJC_LITERAL_CONVERSION = YES;
				CLANG_WARN_OBJC_ROOT_CLASS = YES_ERROR;
				CLANG_WARN_QUOTED_INCLUDE_IN_FRAMEWORK_HEADER = YES;
				CLANG_WARN_RANGE_LOOP_ANALYSIS = YES;
				CLANG_WARN_STRICT_PROTOTYPES = YES;
				CLANG_WARN_SUSPICIOUS_MOVE = YES;
				CLANG_WARN_UNGUARDED_AVAILABILITY = YES_AGGRESSIVE;
				CLANG_WARN_UNREACHABLE_CODE = YES;
				CLANG_WARN__DUPLICATE_METHOD_MATCH = YES;
				COPY_PHASE_STRIP = NO;
				DEBUG_INFORMATION_FORMAT = "dwarf-with-dsym";
				ENABLE_NS_ASSERTIONS = NO;
				ENABLE_STRICT_OBJC_MSGSEND = YES;
				ENABLE_USER_SCRIPT_SANDBOXING = YES;
				GCC_C_LANGUAGE_STANDARD = gnu17;
				GCC_NO_COMMON_BLOCKS = YES;
				GCC_WARN_64_TO_32_BIT_CONVERSION = YES;
				GCC_WARN_ABOUT_RETURN_TYPE = YES_ERROR;
				GCC_WARN_UNDECLARED_SELECTOR = YES;
				GCC_WARN_UNINITIALIZED_AUTOS = YES_AGGRESSIVE;
				GCC_WARN_UNUSED_FUNCTION = YES;
				GCC_WARN_UNUSED_VARIABLE = YES;
				IPHONEOS_DEPLOYMENT_TARGET = 18.1;
				LOCALIZATION_PREFERS_STRING_CATALOGS = YES;
				MTL_ENABLE_DEBUG_INFO = NO;
				MTL_FAST_MATH = YES;
				SDKROOT = iphoneos;
				SWIFT_COMPILATION_MODE = wholemodule;
				VALIDATE_PRODUCT = YES;
			};
			name = Release;
		};
		FB516C1F2CE4ED6E00F90B35 /* Debug */ = {
			isa = XCBuildConfiguration;
			buildSettings = {
				BUNDLE_LOADER = "$(TEST_HOST)";
				CODE_SIGN_STYLE = Automatic;
				CURRENT_PROJECT_VERSION = 1;
				GENERATE_INFOPLIST_FILE = YES;
				IPHONEOS_DEPLOYMENT_TARGET = 18.1;
				MARKETING_VERSION = 1.0;
				PRODUCT_BUNDLE_IDENTIFIER = com.melsov.petTests;
				PRODUCT_NAME = "$(TARGET_NAME)";
				SWIFT_EMIT_LOC_STRINGS = NO;
				SWIFT_VERSION = 5.0;
				TARGETED_DEVICE_FAMILY = "1,2";
				TEST_HOST = "$(BUILT_PRODUCTS_DIR)/pet.app/$(BUNDLE_EXECUTABLE_FOLDER_PATH)/pet";
			};
			name = Debug;
		};
		FB516C202CE4ED6E00F90B35 /* Release */ = {
			isa = XCBuildConfiguration;
			buildSettings = {
				BUNDLE_LOADER = "$(TEST_HOST)";
				CODE_SIGN_STYLE = Automatic;
				CURRENT_PROJECT_VERSION = 1;
				GENERATE_INFOPLIST_FILE = YES;
				IPHONEOS_DEPLOYMENT_TARGET = 18.1;
				MARKETING_VERSION = 1.0;
				PRODUCT_BUNDLE_IDENTIFIER = com.melsov.petTests;
				PRODUCT_NAME = "$(TARGET_NAME)";
				SWIFT_EMIT_LOC_STRINGS = NO;
				SWIFT_VERSION = 5.0;
				TARGETED_DEVICE_FAMILY = "1,2";
				TEST_HOST = "$(BUILT_PRODUCTS_DIR)/pet.app/$(BUNDLE_EXECUTABLE_FOLDER_PATH)/pet";
			};
			name = Release;
		};
		FB516C222CE4ED6E00F90B35 /* Debug */ = {
			isa = XCBuildConfiguration;
			buildSettings = {
				CODE_SIGN_STYLE = Automatic;
				CURRENT_PROJECT_VERSION = 1;
				GENERATE_INFOPLIST_FILE = YES;
				MARKETING_VERSION = 1.0;
				PRODUCT_BUNDLE_IDENTIFIER = com.melsov.petUITests;
				PRODUCT_NAME = "$(TARGET_NAME)";
				SWIFT_EMIT_LOC_STRINGS = NO;
				SWIFT_VERSION = 5.0;
				TARGETED_DEVICE_FAMILY = "1,2";
				TEST_TARGET_NAME = pet;
			};
			name = Debug;
		};
		FB516C232CE4ED6E00F90B35 /* Release */ = {
			isa = XCBuildConfiguration;
			buildSettings = {
				CODE_SIGN_STYLE = Automatic;
				CURRENT_PROJECT_VERSION = 1;
				GENERATE_INFOPLIST_FILE = YES;
				MARKETING_VERSION = 1.0;
				PRODUCT_BUNDLE_IDENTIFIER = com.melsov.petUITests;
				PRODUCT_NAME = "$(TARGET_NAME)";
				SWIFT_EMIT_LOC_STRINGS = NO;
				SWIFT_VERSION = 5.0;
				TARGETED_DEVICE_FAMILY = "1,2";
				TEST_TARGET_NAME = pet;
			};
			name = Release;
		};
/* End XCBuildConfiguration section */

/* Begin XCConfigurationList section */
		FB516BEB2CE4ED6D00F90B35 /* Build configuration list for PBXProject "pet" */ = {
			isa = XCConfigurationList;
			buildConfigurations = (
				FB516C1C2CE4ED6E00F90B35 /* Debug */,
				FB516C1D2CE4ED6E00F90B35 /* Release */,
			);
			defaultConfigurationIsVisible = 0;
			defaultConfigurationName = Release;
		};
		FB516C192CE4ED6E00F90B35 /* Build configuration list for PBXNativeTarget "pet" */ = {
			isa = XCConfigurationList;
			buildConfigurations = (
				FB516C1A2CE4ED6E00F90B35 /* Debug */,
				FB516C1B2CE4ED6E00F90B35 /* Release */,
			);
			defaultConfigurationIsVisible = 0;
			defaultConfigurationName = Release;
		};
		FB516C1E2CE4ED6E00F90B35 /* Build configuration list for PBXNativeTarget "petTests" */ = {
			isa = XCConfigurationList;
			buildConfigurations = (
				FB516C1F2CE4ED6E00F90B35 /* Debug */,
				FB516C202CE4ED6E00F90B35 /* Release */,
			);
			defaultConfigurationIsVisible = 0;
			defaultConfigurationName = Release;
		};
		FB516C212CE4ED6E00F90B35 /* Build configuration list for PBXNativeTarget "petUITests" */ = {
			isa = XCConfigurationList;
			buildConfigurations = (
				FB516C222CE4ED6E00F90B35 /* Debug */,
				FB516C232CE4ED6E00F90B35 /* Release */,
			);
			defaultConfigurationIsVisible = 0;
			defaultConfigurationName = Release;
		};
/* End XCConfigurationList section */
	};
	rootObject = FB516BE82CE4ED6D00F90B35 /* Project object */;
}
